
Microsoft Visual Studio Solution File, Format Version 12.00
# Visual Studio Version 17
VisualStudioVersion = 17.6.33829.357
MinimumVisualStudioVersion = 10.0.40219.1
Project("{FAE04EC0-301F-11D3-BF4B-00C04F79EFBC}") = "ArchiVision", "ArchiVision.csproj", "{A51CE283-6B65-417E-A782-00E8995E0228}"
EndProject
Global
	GlobalSection(SolutionConfigurationPlatforms) = preSolution
		Debug|Any CPU = Debug|Any CPU
		Release|Any CPU = Release|Any CPU
	EndGlobalSection
	GlobalSection(ProjectConfigurationPlatforms) = postSolution
		{A51CE283-6B65-417E-A782-00E8995E0228}.Debug|Any CPU.ActiveCfg = Debug|Any CPU
		{A51CE283-6B65-417E-A782-00E8995E0228}.Debug|Any CPU.Build.0 = Debug|Any CPU
		{A51CE283-6B65-417E-A782-00E8995E0228}.Release|Any CPU.ActiveCfg = Release|Any CPU
		{A51CE283-6B65-417E-A782-00E8995E0228}.Release|Any CPU.Build.0 = Release|Any CPU
	EndGlobalSection
	GlobalSection(SolutionProperties) = preSolution
		HideSolutionNode = FALSE
	EndGlobalSection
	GlobalSection(ExtensibilityGlobals) = postSolution
		SolutionGuid = {E1745258-D35C-4AC2-9976-1C2EDB30DB31}
	EndGlobalSection
EndGlobal
